// !$*UTF8*$!
{
	archiveVersion = 1;
	classes = {
	};
	objectVersion = 50;
	objects = {

/* Begin PBXBuildFile section */
		300B6C8D217C5F160061795F /* AppDelegate.m in Sources */ = {isa = PBXBuildFile; fileRef = 300B6C8C217C5F160061795F /* AppDelegate.m */; };
		300B6C90217C5F160061795F /* ViewController.m in Sources */ = {isa = PBXBuildFile; fileRef = 300B6C8F217C5F160061795F /* ViewController.m */; };
		300B6C93217C5F160061795F /* Main.storyboard in Resources */ = {isa = PBXBuildFile; fileRef = 300B6C91217C5F160061795F /* Main.storyboard */; };
		300B6C95217C5F170061795F /* Assets.xcassets in Resources */ = {isa = PBXBuildFile; fileRef = 300B6C94217C5F170061795F /* Assets.xcassets */; };
		300B6C98217C5F170061795F /* LaunchScreen.storyboard in Resources */ = {isa = PBXBuildFile; fileRef = 300B6C96217C5F170061795F /* LaunchScreen.storyboard */; };
		300B6C9B217C5F170061795F /* main.m in Sources */ = {isa = PBXBuildFile; fileRef = 300B6C9A217C5F170061795F /* main.m */; };
		300B6CA5217C5F170061795F /* helloworldTests.m in Sources */ = {isa = PBXBuildFile; fileRef = 300B6CA4217C5F170061795F /* helloworldTests.m */; };
		300B6CB0217C5F170061795F /* helloworldUITests.m in Sources */ = {isa = PBXBuildFile; fileRef = 300B6CAF217C5F170061795F /* helloworldUITests.m */; };
		301A512E217C70EA000BB637 /* hhhh.m in Sources */ = {isa = PBXBuildFile; fileRef = 301A512D217C70EA000BB637 /* hhhh.m */; };
/* End PBXBuildFile section */

/* Begin PBXContainerItemProxy section */
		300B6CA1217C5F170061795F /* PBXContainerItemProxy */ = {
			isa = PBXContainerItemProxy;
			containerPortal = 300B6C80217C5F160061795F /* Project object */;
			proxyType = 1;
			remoteGlobalIDString = 300B6C87217C5F160061795F;
			remoteInfo = helloworld;
		};
		300B6CAC217C5F170061795F /* PBXContainerItemProxy */ = {
			isa = PBXContainerItemProxy;
			containerPortal = 300B6C80217C5F160061795F /* Project object */;
			proxyType = 1;
			remoteGlobalIDString = 300B6C87217C5F160061795F;
			remoteInfo = helloworld;
		};
/* End PBXContainerItemProxy section */

/* Begin PBXFileReference section */
		300B6C88217C5F160061795F /* helloworld.app */ = {isa = PBXFileReference; explicitFileType = wrapper.application; includeInIndex = 0; path = helloworld.app; sourceTree = BUILT_PRODUCTS_DIR; };
		300B6C8B217C5F160061795F /* AppDelegate.h */ = {isa = PBXFileReference; lastKnownFileType = sourcecode.c.h; path = AppDelegate.h; sourceTree = "<group>"; };
		300B6C8C217C5F160061795F /* AppDelegate.m */ = {isa = PBXFileReference; lastKnownFileType = sourcecode.c.objc; path = AppDelegate.m; sourceTree = "<group>"; };
		300B6C8E217C5F160061795F /* ViewController.h */ = {isa = PBXFileReference; lastKnownFileType = sourcecode.c.h; path = ViewController.h; sourceTree = "<group>"; };
		300B6C8F217C5F160061795F /* ViewController.m */ = {isa = PBXFileReference; lastKnownFileType = sourcecode.c.objc; path = ViewController.m; sourceTree = "<group>"; };
		300B6C92217C5F160061795F /* Base */ = {isa = PBXFileReference; lastKnownFileType = file.storyboard; name = Base; path = Base.lproj/Main.storyboard; sourceTree = "<group>"; };
		300B6C94217C5F170061795F /* Assets.xcassets */ = {isa = PBXFileReference; lastKnownFileType = folder.assetcatalog; path = Assets.xcassets; sourceTree = "<group>"; };
		300B6C97217C5F170061795F /* Base */ = {isa = PBXFileReference; lastKnownFileType = file.storyboard; name = Base; path = Base.lproj/LaunchScreen.storyboard; sourceTree = "<group>"; };
		300B6C99217C5F170061795F /* Info.plist */ = {isa = PBXFileReference; lastKnownFileType = text.plist.xml; path = Info.plist; sourceTree = "<group>"; };
		300B6C9A217C5F170061795F /* main.m */ = {isa = PBXFileReference; lastKnownFileType = sourcecode.c.objc; path = main.m; sourceTree = "<group>"; };
		300B6CA0217C5F170061795F /* helloworldTests.xctest */ = {isa = PBXFileReference; explicitFileType = wrapper.cfbundle; includeInIndex = 0; path = helloworldTests.xctest; sourceTree = BUILT_PRODUCTS_DIR; };
		300B6CA4217C5F170061795F /* helloworldTests.m */ = {isa = PBXFileReference; lastKnownFileType = sourcecode.c.objc; path = helloworldTests.m; sourceTree = "<group>"; };
		300B6CA6217C5F170061795F /* Info.plist */ = {isa = PBXFileReference; lastKnownFileType = text.plist.xml; path = Info.plist; sourceTree = "<group>"; };
		300B6CAB217C5F170061795F /* helloworldUITests.xctest */ = {isa = PBXFileReference; explicitFileType = wrapper.cfbundle; includeInIndex = 0; path = helloworldUITests.xctest; sourceTree = BUILT_PRODUCTS_DIR; };
		300B6CAF217C5F170061795F /* helloworldUITests.m */ = {isa = PBXFileReference; lastKnownFileType = sourcecode.c.objc; path = helloworldUITests.m; sourceTree = "<group>"; };
		300B6CB1217C5F170061795F /* Info.plist */ = {isa = PBXFileReference; lastKnownFileType = text.plist.xml; path = Info.plist; sourceTree = "<group>"; };
		301A512C217C70EA000BB637 /* hhhh.h */ = {isa = PBXFileReference; lastKnownFileType = sourcecode.c.h; path = hhhh.h; sourceTree = "<group>"; };
		301A512D217C70EA000BB637 /* hhhh.m */ = {isa = PBXFileReference; lastKnownFileType = sourcecode.c.objc; path = hhhh.m; sourceTree = "<group>"; };
/* End PBXFileReference section */

/* Begin PBXFrameworksBuildPhase section */
		300B6C85217C5F160061795F /* Frameworks */ = {
			isa = PBXFrameworksBuildPhase;
			buildActionMask = 2147483647;
			files = (
			);
			runOnlyForDeploymentPostprocessing = 0;
		};
		300B6C9D217C5F170061795F /* Frameworks */ = {
			isa = PBXFrameworksBuildPhase;
			buildActionMask = 2147483647;
			files = (
			);
			runOnlyForDeploymentPostprocessing = 0;
		};
		300B6CA8217C5F170061795F /* Frameworks */ = {
			isa = PBXFrameworksBuildPhase;
			buildActionMask = 2147483647;
			files = (
			);
			runOnlyForDeploymentPostprocessing = 0;
		};
/* End PBXFrameworksBuildPhase section */

/* Begin PBXGroup section */
		300B6C7F217C5F160061795F = {
			isa = PBXGroup;
			children = (
				300B6C8A217C5F160061795F /* helloworld */,
				300B6CA3217C5F170061795F /* helloworldTests */,
				300B6CAE217C5F170061795F /* helloworldUITests */,
				300B6C89217C5F160061795F /* Products */,
			);
			sourceTree = "<group>";
		};
		300B6C89217C5F160061795F /* Products */ = {
			isa = PBXGroup;
			children = (
				300B6C88217C5F160061795F /* helloworld.app */,
				300B6CA0217C5F170061795F /* helloworldTests.xctest */,
				300B6CAB217C5F170061795F /* helloworldUITests.xctest */,
			);
			name = Products;
			sourceTree = "<group>";
		};
		300B6C8A217C5F160061795F /* helloworld */ = {
			isa = PBXGroup;
			children = (
				300B6C8B217C5F160061795F /* AppDelegate.h */,
				300B6C8C217C5F160061795F /* AppDelegate.m */,
				300B6C8E217C5F160061795F /* ViewController.h */,
				300B6C8F217C5F160061795F /* ViewController.m */,
				300B6C91217C5F160061795F /* Main.storyboard */,
				300B6C94217C5F170061795F /* Assets.xcassets */,
				300B6C96217C5F170061795F /* LaunchScreen.storyboard */,
				300B6C99217C5F170061795F /* Info.plist */,
				300B6C9A217C5F170061795F /* main.m */,
				301A512C217C70EA000BB637 /* hhhh.h */,
				301A512D217C70EA000BB637 /* hhhh.m */,
			);
			path = helloworld;
			sourceTree = "<group>";
		};
		300B6CA3217C5F170061795F /* helloworldTests */ = {
			isa = PBXGroup;
			children = (
				300B6CA4217C5F170061795F /* helloworldTests.m */,
				300B6CA6217C5F170061795F /* Info.plist */,
			);
			path = helloworldTests;
			sourceTree = "<group>";
		};
		300B6CAE217C5F170061795F /* helloworldUITests */ = {
			isa = PBXGroup;
			children = (
				300B6CAF217C5F170061795F /* helloworldUITests.m */,
				300B6CB1217C5F170061795F /* Info.plist */,
			);
			path = helloworldUITests;
			sourceTree = "<group>";
		};
/* End PBXGroup section */

/* Begin PBXNativeTarget section */
		300B6C87217C5F160061795F /* helloworld */ = {
			isa = PBXNativeTarget;
			buildConfigurationList = 300B6CB4217C5F170061795F /* Build configuration list for PBXNativeTarget "helloworld" */;
			buildPhases = (
				300B6C84217C5F160061795F /* Sources */,
				300B6C85217C5F160061795F /* Frameworks */,
				300B6C86217C5F160061795F /* Resources */,
			);
			buildRules = (
			);
			dependencies = (
			);
			name = helloworld;
			productName = helloworld;
			productReference = 300B6C88217C5F160061795F /* helloworld.app */;
			productType = "com.apple.product-type.application";
		};
		300B6C9F217C5F170061795F /* helloworldTests */ = {
			isa = PBXNativeTarget;
			buildConfigurationList = 300B6CB7217C5F170061795F /* Build configuration list for PBXNativeTarget "helloworldTests" */;
			buildPhases = (
				300B6C9C217C5F170061795F /* Sources */,
				300B6C9D217C5F170061795F /* Frameworks */,
				300B6C9E217C5F170061795F /* Resources */,
			);
			buildRules = (
			);
			dependencies = (
				300B6CA2217C5F170061795F /* PBXTargetDependency */,
			);
			name = helloworldTests;
			productName = helloworldTests;
			productReference = 300B6CA0217C5F170061795F /* helloworldTests.xctest */;
			productType = "com.apple.product-type.bundle.unit-test";
		};
		300B6CAA217C5F170061795F /* helloworldUITests */ = {
			isa = PBXNativeTarget;
			buildConfigurationList = 300B6CBA217C5F170061795F /* Build configuration list for PBXNativeTarget "helloworldUITests" */;
			buildPhases = (
				300B6CA7217C5F170061795F /* Sources */,
				300B6CA8217C5F170061795F /* Frameworks */,
				300B6CA9217C5F170061795F /* Resources */,
			);
			buildRules = (
			);
			dependencies = (
				300B6CAD217C5F170061795F /* PBXTargetDependency */,
			);
			name = helloworldUITests;
			productName = helloworldUITests;
			productReference = 300B6CAB217C5F170061795F /* helloworldUITests.xctest */;
			productType = "com.apple.product-type.bundle.ui-testing";
		};
/* End PBXNativeTarget section */

/* Begin PBXProject section */
		300B6C80217C5F160061795F /* Project object */ = {
			isa = PBXProject;
			attributes = {
				LastUpgradeCheck = 1000;
				ORGANIZATIONNAME = "陈柳充";
				TargetAttributes = {
					300B6C87217C5F160061795F = {
						CreatedOnToolsVersion = 10.0;
					};
					300B6C9F217C5F170061795F = {
						CreatedOnToolsVersion = 10.0;
						TestTargetID = 300B6C87217C5F160061795F;
					};
					300B6CAA217C5F170061795F = {
						CreatedOnToolsVersion = 10.0;
						TestTargetID = 300B6C87217C5F160061795F;
					};
				};
			};
			buildConfigurationList = 300B6C83217C5F160061795F /* Build configuration list for PBXProject "helloworld" */;
			compatibilityVersion = "Xcode 9.3";
			developmentRegion = en;
			hasScannedForEncodings = 0;
			knownRegions = (
				en,
				Base,
			);
			mainGroup = 300B6C7F217C5F160061795F;
			productRefGroup = 300B6C89217C5F160061795F /* Products */;
			projectDirPath = "";
			projectRoot = "";
			targets = (
				300B6C87217C5F160061795F /* helloworld */,
				300B6C9F217C5F170061795F /* helloworldTests */,
				300B6CAA217C5F170061795F /* helloworldUITests */,
			);
		};
/* End PBXProject section */

/* Begin PBXResourcesBuildPhase section */
		300B6C86217C5F160061795F /* Resources */ = {
			isa = PBXResourcesBuildPhase;
			buildActionMask = 2147483647;
			files = (
				300B6C98217C5F170061795F /* LaunchScreen.storyboard in Resources */,
				300B6C95217C5F170061795F /* Assets.xcassets in Resources */,
				300B6C93217C5F160061795F /* Main.storyboard in Resources */,
			);
			runOnlyForDeploymentPostprocessing = 0;
		};
		300B6C9E217C5F170061795F /* Resources */ = {
			isa = PBXResourcesBuildPhase;
			buildActionMask = 2147483647;
			files = (
			);
			runOnlyForDeploymentPostprocessing = 0;
		};
		300B6CA9217C5F170061795F /* Resources */ = {
			isa = PBXResourcesBuildPhase;
			buildActionMask = 2147483647;
			files = (
			);
			runOnlyForDeploymentPostprocessing = 0;
		};
/* End PBXResourcesBuildPhase section */

/* Begin PBXSourcesBuildPhase section */
		300B6C84217C5F160061795F /* Sources */ = {
			isa = PBXSourcesBuildPhase;
			buildActionMask = 2147483647;
			files = (
				300B6C90217C5F160061795F /* ViewController.m in Sources */,
				301A512E217C70EA000BB637 /* hhhh.m in Sources */,
				300B6C9B217C5F170061795F /* main.m in Sources */,
				300B6C8D217C5F160061795F /* AppDelegate.m in Sources */,
			);
			runOnlyForDeploymentPostprocessing = 0;
		};
		300B6C9C217C5F170061795F /* Sources */ = {
			isa = PBXSourcesBuildPhase;
			buildActionMask = 2147483647;
			files = (
				300B6CA5217C5F170061795F /* helloworldTests.m in Sources */,
			);
			runOnlyForDeploymentPostprocessing = 0;
		};
		300B6CA7217C5F170061795F /* Sources */ = {
			isa = PBXSourcesBuildPhase;
			buildActionMask = 2147483647;
			files = (
				300B6CB0217C5F170061795F /* helloworldUITests.m in Sources */,
			);
			runOnlyForDeploymentPostprocessing = 0;
		};
/* End PBXSourcesBuildPhase section */

/* Begin PBXTargetDependency section */
		300B6CA2217C5F170061795F /* PBXTargetDependency */ = {
			isa = PBXTargetDependency;
			target = 300B6C87217C5F160061795F /* helloworld */;
			targetProxy = 300B6CA1217C5F170061795F /* PBXContainerItemProxy */;
		};
		300B6CAD217C5F170061795F /* PBXTargetDependency */ = {
			isa = PBXTargetDependency;
			target = 300B6C87217C5F160061795F /* helloworld */;
			targetProxy = 300B6CAC217C5F170061795F /* PBXContainerItemProxy */;
		};
/* End PBXTargetDependency section */

/* Begin PBXVariantGroup section */
		300B6C91217C5F160061795F /* Main.storyboard */ = {
			isa = PBXVariantGroup;
			children = (
				300B6C92217C5F160061795F /* Base */,
			);
			name = Main.storyboard;
			sourceTree = "<group>";
		};
		300B6C96217C5F170061795F /* LaunchScreen.storyboard */ = {
			isa = PBXVariantGroup;
			children = (
				300B6C97217C5F170061795F /* Base */,
			);
			name = LaunchScreen.storyboard;
			sourceTree = "<group>";
		};
/* End PBXVariantGroup section */

/* Begin XCBuildConfiguration section */
		300B6CB2217C5F170061795F /* Debug */ = {
			isa = XCBuildConfiguration;
			buildSettings = {
				ALWAYS_SEARCH_USER_PATHS = NO;
				CLANG_ANALYZER_NONNULL = YES;
				CLANG_ANALYZER_NUMBER_OBJECT_CONVERSION = YES_AGGRESSIVE;
				CLANG_CXX_LANGUAGE_STANDARD = "gnu++14";
				CLANG_CXX_LIBRARY = "libc++";
				CLANG_ENABLE_MODULES = YES;
				CLANG_ENABLE_OBJC_ARC = YES;
				CLANG_ENABLE_OBJC_WEAK = YES;
				CLANG_WARN_BLOCK_CAPTURE_AUTORELEASING = YES;
				CLANG_WARN_BOOL_CONVERSION = YES;
				CLANG_WARN_COMMA = YES;
				CLANG_WARN_CONSTANT_CONVERSION = YES;
				CLANG_WARN_DEPRECATED_OBJC_IMPLEMENTATIONS = YES;
				CLANG_WARN_DIRECT_OBJC_ISA_USAGE = YES_ERROR;
				CLANG_WARN_DOCUMENTATION_COMMENTS = YES;
				CLANG_WARN_EMPTY_BODY = YES;
				CLANG_WARN_ENUM_CONVERSION = YES;
				CLANG_WARN_INFINITE_RECURSION = YES;
				CLANG_WARN_INT_CONVERSION = YES;
				CLANG_WARN_NON_LITERAL_NULL_CONVERSION = YES;
				CLANG_WARN_OBJC_IMPLICIT_RETAIN_SELF = YES;
				CLANG_WARN_OBJC_LITERAL_CONVERSION = YES;
				CLANG_WARN_OBJC_ROOT_CLASS = YES_ERROR;
				CLANG_WARN_RANGE_LOOP_ANALYSIS = YES;
				CLANG_WARN_STRICT_PROTOTYPES = YES;
				CLANG_WARN_SUSPICIOUS_MOVE = YES;
				CLANG_WARN_UNGUARDED_AVAILABILITY = YES_AGGRESSIVE;
				CLANG_WARN_UNREACHABLE_CODE = YES;
				CLANG_WARN__DUPLICATE_METHOD_MATCH = YES;
				CODE_SIGN_IDENTITY = "iPhone Developer";
				COPY_PHASE_STRIP = NO;
				DEBUG_INFORMATION_FORMAT = dwarf;
				ENABLE_STRICT_OBJC_MSGSEND = YES;
				ENABLE_TESTABILITY = YES;
				GCC_C_LANGUAGE_STANDARD = gnu11;
				GCC_DYNAMIC_NO_PIC = NO;
				GCC_NO_COMMON_BLOCKS = YES;
				GCC_OPTIMIZATION_LEVEL = 0;
				GCC_PREPROCESSOR_DEFINITIONS = (
					"DEBUG=1",
					"$(inherited)",
				);
				GCC_WARN_64_TO_32_BIT_CONVERSION = YES;
				GCC_WARN_ABOUT_RETURN_TYPE = YES_ERROR;
				GCC_WARN_UNDECLARED_SELECTOR = YES;
				GCC_WARN_UNINITIALIZED_AUTOS = YES_AGGRESSIVE;
				GCC_WARN_UNUSED_FUNCTION = YES;
				GCC_WARN_UNUSED_VARIABLE = YES;
				IPHONEOS_DEPLOYMENT_TARGET = 12.0;
				MTL_ENABLE_DEBUG_INFO = INCLUDE_SOURCE;
				MTL_FAST_MATH = YES;
				ONLY_ACTIVE_ARCH = YES;
				SDKROOT = iphoneos;
			};
			name = Debug;
		};
		300B6CB3217C5F170061795F /* Release */ = {
			isa = XCBuildConfiguration;
			buildSettings = {
				ALWAYS_SEARCH_USER_PATHS = NO;
				CLANG_ANALYZER_NONNULL = YES;
				CLANG_ANALYZER_NUMBER_OBJECT_CONVERSION = YES_AGGRESSIVE;
				CLANG_CXX_LANGUAGE_STANDARD = "gnu++14";
				CLANG_CXX_LIBRARY = "libc++";
				CLANG_ENABLE_MODULES = YES;
				CLANG_ENABLE_OBJC_ARC = YES;
				CLANG_ENABLE_OBJC_WEAK = YES;
				CLANG_WARN_BLOCK_CAPTURE_AUTORELEASING = YES;
				CLANG_WARN_BOOL_CONVERSION = YES;
				CLANG_WARN_COMMA = YES;
				CLANG_WARN_CONSTANT_CONVERSION = YES;
				CLANG_WARN_DEPRECATED_OBJC_IMPLEMENTATIONS = YES;
				CLANG_WARN_DIRECT_OBJC_ISA_USAGE = YES_ERROR;
				CLANG_WARN_DOCUMENTATION_COMMENTS = YES;
				CLANG_WARN_EMPTY_BODY = YES;
				CLANG_WARN_ENUM_CONVERSION = YES;
				CLANG_WARN_INFINITE_RECURSION = YES;
				CLANG_WARN_INT_CONVERSION = YES;
				CLANG_WARN_NON_LITERAL_NULL_CONVERSION = YES;
				CLANG_WARN_OBJC_IMPLICIT_RETAIN_SELF = YES;
				CLANG_WARN_OBJC_LITERAL_CONVERSION = YES;
				CLANG_WARN_OBJC_ROOT_CLASS = YES_ERROR;
				CLANG_WARN_RANGE_LOOP_ANALYSIS = YES;
				CLANG_WARN_STRICT_PROTOTYPES = YES;
				CLANG_WARN_SUSPICIOUS_MOVE = YES;
				CLANG_WARN_UNGUARDED_AVAILABILITY = YES_AGGRESSIVE;
				CLANG_WARN_UNREACHABLE_CODE = YES;
				CLANG_WARN__DUPLICATE_METHOD_MATCH = YES;
				CODE_SIGN_IDENTITY = "iPhone Developer";
				COPY_PHASE_STRIP = NO;
				DEBUG_INFORMATION_FORMAT = "dwarf-with-dsym";
				ENABLE_NS_ASSERTIONS = NO;
				ENABLE_STRICT_OBJC_MSGSEND = YES;
				GCC_C_LANGUAGE_STANDARD = gnu11;
				GCC_NO_COMMON_BLOCKS = YES;
				GCC_WARN_64_TO_32_BIT_CONVERSION = YES;
				GCC_WARN_ABOUT_RETURN_TYPE = YES_ERROR;
				GCC_WARN_UNDECLARED_SELECTOR = YES;
				GCC_WARN_UNINITIALIZED_AUTOS = YES_AGGRESSIVE;
				GCC_WARN_UNUSED_FUNCTION = YES;
				GCC_WARN_UNUSED_VARIABLE = YES;
				IPHONEOS_DEPLOYMENT_TARGET = 12.0;
				MTL_ENABLE_DEBUG_INFO = NO;
				MTL_FAST_MATH = YES;
				SDKROOT = iphoneos;
				VALIDATE_PRODUCT = YES;
			};
			name = Release;
		};
		300B6CB5217C5F170061795F /* Debug */ = {
			isa = XCBuildConfiguration;
			buildSettings = {
				ASSETCATALOG_COMPILER_APPICON_NAME = AppIcon;
				CODE_SIGN_STYLE = Automatic;
				INFOPLIST_FILE = helloworld/Info.plist;
				LD_RUNPATH_SEARCH_PATHS = (
					"$(inherited)",
					"@executable_path/Frameworks",
				);
				PRODUCT_BUNDLE_IDENTIFIER = "-23.helloworld";
				PRODUCT_NAME = "$(TARGET_NAME)";
				TARGETED_DEVICE_FAMILY = "1,2";
			};
			name = Debug;
		};
		300B6CB6217C5F170061795F /* Release */ = {
			isa = XCBuildConfiguration;
			buildSettings = {
				ASSETCATALOG_COMPILER_APPICON_NAME = AppIcon;
				CODE_SIGN_STYLE = Automatic;
				INFOPLIST_FILE = helloworld/Info.plist;
				LD_RUNPATH_SEARCH_PATHS = (
					"$(inherited)",
					"@executable_path/Frameworks",
				);
				PRODUCT_BUNDLE_IDENTIFIER = "-23.helloworld";
				PRODUCT_NAME = "$(TARGET_NAME)";
				TARGETED_DEVICE_FAMILY = "1,2";
			};
			name = Release;
		};
		300B6CB8217C5F170061795F /* Debug */ = {
			isa = XCBuildConfiguration;
			buildSettings = {
				BUNDLE_LOADER = "$(TEST_HOST)";
				CODE_SIGN_STYLE = Automatic;
				INFOPLIST_FILE = helloworldTests/Info.plist;
				LD_RUNPATH_SEARCH_PATHS = (
					"$(inherited)",
					"@executable_path/Frameworks",
					"@loader_path/Frameworks",
				);
				PRODUCT_BUNDLE_IDENTIFIER = "-23.helloworldTests";
				PRODUCT_NAME = "$(TARGET_NAME)";
				TARGETED_DEVICE_FAMILY = "1,2";
				TEST_HOST = "$(BUILT_PRODUCTS_DIR)/helloworld.app/helloworld";
			};
			name = Debug;
		};
		300B6CB9217C5F170061795F /* Release */ = {
			isa = XCBuildConfiguration;
			buildSettings = {
				BUNDLE_LOADER = "$(TEST_HOST)";
				CODE_SIGN_STYLE = Automatic;
				INFOPLIST_FILE = helloworldTests/Info.plist;
				LD_RUNPATH_SEARCH_PATHS = (
					"$(inherited)",
					"@executable_path/Frameworks",
					"@loader_path/Frameworks",
				);
				PRODUCT_BUNDLE_IDENTIFIER = "-23.helloworldTests";
				PRODUCT_NAME = "$(TARGET_NAME)";
				TARGETED_DEVICE_FAMILY = "1,2";
				TEST_HOST = "$(BUILT_PRODUCTS_DIR)/helloworld.app/helloworld";
			};
			name = Release;
		};
		300B6CBB217C5F170061795F /* Debug */ = {
			isa = XCBuildConfiguration;
			buildSettings = {
				CODE_SIGN_STYLE = Automatic;
				INFOPLIST_FILE = helloworldUITests/Info.plist;
				LD_RUNPATH_SEARCH_PATHS = (
					"$(inherited)",
					"@executable_path/Frameworks",
					"@loader_path/Frameworks",
				);
				PRODUCT_BUNDLE_IDENTIFIER = "-23.helloworldUITests";
				PRODUCT_NAME = "$(TARGET_NAME)";
				TARGETED_DEVICE_FAMILY = "1,2";
				TEST_TARGET_NAME = helloworld;
			};
			name = Debug;
		};
		300B6CBC217C5F170061795F /* Release */ = {
			isa = XCBuildConfiguration;
			buildSettings = {
				CODE_SIGN_STYLE = Automatic;
				INFOPLIST_FILE = helloworldUITests/Info.plist;
				LD_RUNPATH_SEARCH_PATHS = (
					"$(inherited)",
					"@executable_path/Frameworks",
					"@loader_path/Frameworks",
				);
				PRODUCT_BUNDLE_IDENTIFIER = "-23.helloworldUITests";
				PRODUCT_NAME = "$(TARGET_NAME)";
				TARGETED_DEVICE_FAMILY = "1,2";
				TEST_TARGET_NAME = helloworld;
			};
			name = Release;
		};
/* End XCBuildConfiguration section */

/* Begin XCConfigurationList section */
		300B6C83217C5F160061795F /* Build configuration list for PBXProject "helloworld" */ = {
			isa = XCConfigurationList;
			buildConfigurations = (
				300B6CB2217C5F170061795F /* Debug */,
				300B6CB3217C5F170061795F /* Release */,
			);
			defaultConfigurationIsVisible = 0;
			defaultConfigurationName = Release;
		};
		300B6CB4217C5F170061795F /* Build configuration list for PBXNativeTarget "helloworld" */ = {
			isa = XCConfigurationList;
			buildConfigurations = (
				300B6CB5217C5F170061795F /* Debug */,
				300B6CB6217C5F170061795F /* Release */,
			);
			defaultConfigurationIsVisible = 0;
			defaultConfigurationName = Release;
		};
		300B6CB7217C5F170061795F /* Build configuration list for PBXNativeTarget "helloworldTests" */ = {
			isa = XCConfigurationList;
			buildConfigurations = (
				300B6CB8217C5F170061795F /* Debug */,
				300B6CB9217C5F170061795F /* Release */,
			);
			defaultConfigurationIsVisible = 0;
			defaultConfigurationName = Release;
		};
		300B6CBA217C5F170061795F /* Build configuration list for PBXNativeTarget "helloworldUITests" */ = {
			isa = XCConfigurationList;
			buildConfigurations = (
				300B6CBB217C5F170061795F /* Debug */,
				300B6CBC217C5F170061795F /* Release */,
			);
			defaultConfigurationIsVisible = 0;
			defaultConfigurationName = Release;
		};
/* End XCConfigurationList section */
	};
	rootObject = 300B6C80217C5F160061795F /* Project object */;
}
